
Microsoft Visual Studio Solution File, Format Version 12.00
# Visual Studio Version 16
VisualStudioVersion = 16.0.31727.386
MinimumVisualStudioVersion = 10.0.40219.1
Project("{9A19103F-16F7-4668-BE54-9A1E7A4F7556}") = "Targil0", "Targil0\Targil0.csproj", "{1FD844E9-634F-4423-8C53-311DD8A9D003}"
EndProject
Project("{2150E333-8FDC-42A3-9474-1A3956D46DE8}") = "Solution Items", "Solution Items", "{B9B3C19F-F72D-4784-B85D-259FB150355F}"
	ProjectSection(SolutionItems) = preProject
		README.md = README.md
		מיני פרוייקט במערכות חלונות חיה ושירה.pdf = מיני פרוייקט במערכות חלונות חיה ושירה.pdf
	EndProjectSection
EndProject
Project("{9A19103F-16F7-4668-BE54-9A1E7A4F7556}") = "ConsoleUI", "ConsoleUI\ConsoleUI.csproj", "{71931D07-4F6F-400B-9FAA-23F19AA5E26B}"
EndProject
Project("{9A19103F-16F7-4668-BE54-9A1E7A4F7556}") = "DalFacade", "DAL\DalFacade.csproj", "{C64C0702-F653-42B4-B7E2-FBE335F4B0EF}"
EndProject
Project("{9A19103F-16F7-4668-BE54-9A1E7A4F7556}") = "BL", "BL\BL.csproj", "{EB043BFA-1288-4F75-BCE2-B402D6AF2DE4}"
EndProject
Project("{9A19103F-16F7-4668-BE54-9A1E7A4F7556}") = "ConsoleUI_BL", "ConsoleUI_BL\ConsoleUI_BL.csproj", "{F683CEA6-7036-4434-83D5-8CF28F419822}"
EndProject
Project("{9A19103F-16F7-4668-BE54-9A1E7A4F7556}") = "PL", "PL\PL.csproj", "{377524E4-7747-412C-B7E1-2BD9F9BCF76B}"
EndProject
Project("{9A19103F-16F7-4668-BE54-9A1E7A4F7556}") = "DalObject", "DalObject\DalObject.csproj", "{E83D5CA3-13AC-4FE1-A773-3B1CA697D806}"
EndProject
Project("{9A19103F-16F7-4668-BE54-9A1E7A4F7556}") = "DalXml", "DalXml\DalXml.csproj", "{9F6D6A04-8BB0-4964-928E-6AFD93A9DD31}"
EndProject
Project("{2150E333-8FDC-42A3-9474-1A3956D46DE8}") = "Data", "Data", "{907A97E1-58B7-408E-ACCE-BF79383A633F}"
	ProjectSection(SolutionItems) = preProject
		ConfigXml.xml = ConfigXml.xml
		CustomersXml.xml = CustomersXml.xml
		DroneChargeXml.xml = DroneChargeXml.xml
		DronesXml.xml = DronesXml.xml
		ParcelsXml.xml = ParcelsXml.xml
		StationsXml.xml = StationsXml.xml
	EndProjectSection
EndProject
Project("{2150E333-8FDC-42A3-9474-1A3956D46DE8}") = "xml", "xml", "{B7CBAFB7-8C7D-4791-AA20-84F691C9471E}"
	ProjectSection(SolutionItems) = preProject
		dal-config.xml = dal-config.xml
	EndProjectSection
EndProject
Global
	GlobalSection(SolutionConfigurationPlatforms) = preSolution
		Debug|Any CPU = Debug|Any CPU
		Release|Any CPU = Release|Any CPU
	EndGlobalSection
	GlobalSection(ProjectConfigurationPlatforms) = postSolution
		{1FD844E9-634F-4423-8C53-311DD8A9D003}.Debug|Any CPU.ActiveCfg = Debug|Any CPU
		{1FD844E9-634F-4423-8C53-311DD8A9D003}.Debug|Any CPU.Build.0 = Debug|Any CPU
		{1FD844E9-634F-4423-8C53-311DD8A9D003}.Release|Any CPU.ActiveCfg = Release|Any CPU
		{1FD844E9-634F-4423-8C53-311DD8A9D003}.Release|Any CPU.Build.0 = Release|Any CPU
		{71931D07-4F6F-400B-9FAA-23F19AA5E26B}.Debug|Any CPU.ActiveCfg = Debug|Any CPU
		{71931D07-4F6F-400B-9FAA-23F19AA5E26B}.Debug|Any CPU.Build.0 = Debug|Any CPU
		{71931D07-4F6F-400B-9FAA-23F19AA5E26B}.Release|Any CPU.ActiveCfg = Release|Any CPU
		{71931D07-4F6F-400B-9FAA-23F19AA5E26B}.Release|Any CPU.Build.0 = Release|Any CPU
		{C64C0702-F653-42B4-B7E2-FBE335F4B0EF}.Debug|Any CPU.ActiveCfg = Debug|Any CPU
		{C64C0702-F653-42B4-B7E2-FBE335F4B0EF}.Debug|Any CPU.Build.0 = Debug|Any CPU
		{C64C0702-F653-42B4-B7E2-FBE335F4B0EF}.Release|Any CPU.ActiveCfg = Release|Any CPU
		{C64C0702-F653-42B4-B7E2-FBE335F4B0EF}.Release|Any CPU.Build.0 = Release|Any CPU
		{EB043BFA-1288-4F75-BCE2-B402D6AF2DE4}.Debug|Any CPU.ActiveCfg = Debug|Any CPU
		{EB043BFA-1288-4F75-BCE2-B402D6AF2DE4}.Debug|Any CPU.Build.0 = Debug|Any CPU
		{EB043BFA-1288-4F75-BCE2-B402D6AF2DE4}.Release|Any CPU.ActiveCfg = Release|Any CPU
		{EB043BFA-1288-4F75-BCE2-B402D6AF2DE4}.Release|Any CPU.Build.0 = Release|Any CPU
		{F683CEA6-7036-4434-83D5-8CF28F419822}.Debug|Any CPU.ActiveCfg = Debug|Any CPU
		{F683CEA6-7036-4434-83D5-8CF28F419822}.Debug|Any CPU.Build.0 = Debug|Any CPU
		{F683CEA6-7036-4434-83D5-8CF28F419822}.Release|Any CPU.ActiveCfg = Release|Any CPU
		{F683CEA6-7036-4434-83D5-8CF28F419822}.Release|Any CPU.Build.0 = Release|Any CPU
		{377524E4-7747-412C-B7E1-2BD9F9BCF76B}.Debug|Any CPU.ActiveCfg = Debug|Any CPU
		{377524E4-7747-412C-B7E1-2BD9F9BCF76B}.Debug|Any CPU.Build.0 = Debug|Any CPU
		{377524E4-7747-412C-B7E1-2BD9F9BCF76B}.Release|Any CPU.ActiveCfg = Release|Any CPU
		{377524E4-7747-412C-B7E1-2BD9F9BCF76B}.Release|Any CPU.Build.0 = Release|Any CPU
		{E83D5CA3-13AC-4FE1-A773-3B1CA697D806}.Debug|Any CPU.ActiveCfg = Debug|Any CPU
		{E83D5CA3-13AC-4FE1-A773-3B1CA697D806}.Debug|Any CPU.Build.0 = Debug|Any CPU
		{E83D5CA3-13AC-4FE1-A773-3B1CA697D806}.Release|Any CPU.ActiveCfg = Release|Any CPU
		{E83D5CA3-13AC-4FE1-A773-3B1CA697D806}.Release|Any CPU.Build.0 = Release|Any CPU
		{9F6D6A04-8BB0-4964-928E-6AFD93A9DD31}.Debug|Any CPU.ActiveCfg = Debug|Any CPU
		{9F6D6A04-8BB0-4964-928E-6AFD93A9DD31}.Debug|Any CPU.Build.0 = Debug|Any CPU
		{9F6D6A04-8BB0-4964-928E-6AFD93A9DD31}.Release|Any CPU.ActiveCfg = Release|Any CPU
		{9F6D6A04-8BB0-4964-928E-6AFD93A9DD31}.Release|Any CPU.Build.0 = Release|Any CPU
	EndGlobalSection
	GlobalSection(SolutionProperties) = preSolution
		HideSolutionNode = FALSE
	EndGlobalSection
	GlobalSection(NestedProjects) = preSolution
		{907A97E1-58B7-408E-ACCE-BF79383A633F} = {B9B3C19F-F72D-4784-B85D-259FB150355F}
		{B7CBAFB7-8C7D-4791-AA20-84F691C9471E} = {B9B3C19F-F72D-4784-B85D-259FB150355F}
	EndGlobalSection
	GlobalSection(ExtensibilityGlobals) = postSolution
		SolutionGuid = {31B64C96-DC5D-40D0-A7C5-38B037502040}
	EndGlobalSection
EndGlobal
